
Microsoft Visual Studio Solution File, Format Version 11.00
# Visual Studio 2010
Project("{FAE04EC0-301F-11D3-BF4B-00C04F79EFBC}") = "NorthwindReport", "NorthwindReport\NorthwindReport.csproj", "{131BB1B8-852C-48EF-874E-DC9C8BB8FC79}"
EndProject
Global
	GlobalSection(SolutionConfigurationPlatforms) = preSolution
		Debug|Any CPU = Debug|Any CPU
		Release|Any CPU = Release|Any CPU
	EndGlobalSection
	GlobalSection(ProjectConfigurationPlatforms) = postSolution
		{131BB1B8-852C-48EF-874E-DC9C8BB8FC79}.Debug|Any CPU.ActiveCfg = Debug|Any CPU
		{131BB1B8-852C-48EF-874E-DC9C8BB8FC79}.Debug|Any CPU.Build.0 = Debug|Any CPU
		{131BB1B8-852C-48EF-874E-DC9C8BB8FC79}.Release|Any CPU.ActiveCfg = Release|Any CPU
		{131BB1B8-852C-48EF-874E-DC9C8BB8FC79}.Release|Any CPU.Build.0 = Release|Any CPU
	EndGlobalSection
	GlobalSection(SolutionProperties) = preSolution
		HideSolutionNode = FALSE
	EndGlobalSection
EndGlobal
